// !$*UTF8*$!
{
	archiveVersion = 1;
	classes = {
	};
	objectVersion = 50;
	objects = {

/* Begin PBXBuildFile section */
		A3136FCA21B016FB0091099B /* Assets.xcassets in Resources */ = {isa = PBXBuildFile; fileRef = A3136FC921B016FB0091099B /* Assets.xcassets */; };
		A3136FCD21B016FB0091099B /* LaunchScreen.storyboard in Resources */ = {isa = PBXBuildFile; fileRef = A3136FCB21B016FB0091099B /* LaunchScreen.storyboard */; };
		A3136FE821B017E20091099B /* AppDelegate.swift in Sources */ = {isa = PBXBuildFile; fileRef = A3136FD421B017E00091099B /* AppDelegate.swift */; };
		A3136FE921B017E20091099B /* NetworkManger.swift in Sources */ = {isa = PBXBuildFile; fileRef = A3136FD621B017E00091099B /* NetworkManger.swift */; };
		A3136FEA21B017E20091099B /* Main.storyboard in Resources */ = {isa = PBXBuildFile; fileRef = A3136FD721B017E00091099B /* Main.storyboard */; };
		A3136FEB21B017E20091099B /* ViewController.swift in Sources */ = {isa = PBXBuildFile; fileRef = A3136FDA21B017E20091099B /* ViewController.swift */; };
		A3136FEC21B017E20091099B /* RepositoriesTableViewCell.xib in Resources */ = {isa = PBXBuildFile; fileRef = A3136FDB21B017E20091099B /* RepositoriesTableViewCell.xib */; };
		A3136FED21B017E20091099B /* RepositoriesTableViewCell.swift in Sources */ = {isa = PBXBuildFile; fileRef = A3136FDC21B017E20091099B /* RepositoriesTableViewCell.swift */; };
		A3136FEE21B017E20091099B /* ContributersCollectionViewCell.swift in Sources */ = {isa = PBXBuildFile; fileRef = A3136FDF21B017E20091099B /* ContributersCollectionViewCell.swift */; };
		A3136FEF21B017E20091099B /* ReposWebViewController.swift in Sources */ = {isa = PBXBuildFile; fileRef = A3136FE021B017E20091099B /* ReposWebViewController.swift */; };
		A3136FF021B017E20091099B /* SelectedReposDataViewController.swift in Sources */ = {isa = PBXBuildFile; fileRef = A3136FE121B017E20091099B /* SelectedReposDataViewController.swift */; };
		A3136FF121B017E20091099B /* RepositoryDescriptionViewController.swift in Sources */ = {isa = PBXBuildFile; fileRef = A3136FE321B017E20091099B /* RepositoryDescriptionViewController.swift */; };
		A3136FF221B017E20091099B /* ReposTableViewCell.swift in Sources */ = {isa = PBXBuildFile; fileRef = A3136FE521B017E20091099B /* ReposTableViewCell.swift */; };
		A3136FF321B017E20091099B /* ReposTableViewCell.xib in Resources */ = {isa = PBXBuildFile; fileRef = A3136FE621B017E20091099B /* ReposTableViewCell.xib */; };
		A3136FF421B017E20091099B /* ContributorViewController.swift in Sources */ = {isa = PBXBuildFile; fileRef = A3136FE721B017E20091099B /* ContributorViewController.swift */; };
/* End PBXBuildFile section */

/* Begin PBXFileReference section */
		A3136FBF21B016FA0091099B /* MapprrTask.app */ = {isa = PBXFileReference; explicitFileType = wrapper.application; includeInIndex = 0; path = MapprrTask.app; sourceTree = BUILT_PRODUCTS_DIR; };
		A3136FC921B016FB0091099B /* Assets.xcassets */ = {isa = PBXFileReference; lastKnownFileType = folder.assetcatalog; path = Assets.xcassets; sourceTree = "<group>"; };
		A3136FCC21B016FB0091099B /* Base */ = {isa = PBXFileReference; lastKnownFileType = file.storyboard; name = Base; path = Base.lproj/LaunchScreen.storyboard; sourceTree = "<group>"; };
		A3136FCE21B016FB0091099B /* Info.plist */ = {isa = PBXFileReference; lastKnownFileType = text.plist.xml; path = Info.plist; sourceTree = "<group>"; };
		A3136FD421B017E00091099B /* AppDelegate.swift */ = {isa = PBXFileReference; fileEncoding = 4; lastKnownFileType = sourcecode.swift; name = AppDelegate.swift; path = ../../../MapprrTask2/MapPrrTask/MapPrrTask/AppDelegate.swift; sourceTree = "<group>"; };
		A3136FD621B017E00091099B /* NetworkManger.swift */ = {isa = PBXFileReference; fileEncoding = 4; lastKnownFileType = sourcecode.swift; path = NetworkManger.swift; sourceTree = "<group>"; };
		A3136FD721B017E00091099B /* Main.storyboard */ = {isa = PBXFileReference; fileEncoding = 4; lastKnownFileType = file.storyboard; path = Main.storyboard; sourceTree = "<group>"; };
		A3136FDA21B017E20091099B /* ViewController.swift */ = {isa = PBXFileReference; fileEncoding = 4; lastKnownFileType = sourcecode.swift; path = ViewController.swift; sourceTree = "<group>"; };
		A3136FDB21B017E20091099B /* RepositoriesTableViewCell.xib */ = {isa = PBXFileReference; fileEncoding = 4; lastKnownFileType = file.xib; path = RepositoriesTableViewCell.xib; sourceTree = "<group>"; };
		A3136FDC21B017E20091099B /* RepositoriesTableViewCell.swift */ = {isa = PBXFileReference; fileEncoding = 4; lastKnownFileType = sourcecode.swift; path = RepositoriesTableViewCell.swift; sourceTree = "<group>"; };
		A3136FDF21B017E20091099B /* ContributersCollectionViewCell.swift */ = {isa = PBXFileReference; fileEncoding = 4; lastKnownFileType = sourcecode.swift; path = ContributersCollectionViewCell.swift; sourceTree = "<group>"; };
		A3136FE021B017E20091099B /* ReposWebViewController.swift */ = {isa = PBXFileReference; fileEncoding = 4; lastKnownFileType = sourcecode.swift; path = ReposWebViewController.swift; sourceTree = "<group>"; };
		A3136FE121B017E20091099B /* SelectedReposDataViewController.swift */ = {isa = PBXFileReference; fileEncoding = 4; lastKnownFileType = sourcecode.swift; path = SelectedReposDataViewController.swift; sourceTree = "<group>"; };
		A3136FE321B017E20091099B /* RepositoryDescriptionViewController.swift */ = {isa = PBXFileReference; fileEncoding = 4; lastKnownFileType = sourcecode.swift; path = RepositoryDescriptionViewController.swift; sourceTree = "<group>"; };
		A3136FE521B017E20091099B /* ReposTableViewCell.swift */ = {isa = PBXFileReference; fileEncoding = 4; lastKnownFileType = sourcecode.swift; path = ReposTableViewCell.swift; sourceTree = "<group>"; };
		A3136FE621B017E20091099B /* ReposTableViewCell.xib */ = {isa = PBXFileReference; fileEncoding = 4; lastKnownFileType = file.xib; path = ReposTableViewCell.xib; sourceTree = "<group>"; };
		A3136FE721B017E20091099B /* ContributorViewController.swift */ = {isa = PBXFileReference; fileEncoding = 4; lastKnownFileType = sourcecode.swift; path = ContributorViewController.swift; sourceTree = "<group>"; };
/* End PBXFileReference section */

/* Begin PBXFrameworksBuildPhase section */
		A3136FBC21B016FA0091099B /* Frameworks */ = {
			isa = PBXFrameworksBuildPhase;
			buildActionMask = 2147483647;
			files = (
			);
			runOnlyForDeploymentPostprocessing = 0;
		};
/* End PBXFrameworksBuildPhase section */

/* Begin PBXGroup section */
		A3136FB621B016F90091099B = {
			isa = PBXGroup;
			children = (
				A3136FC121B016FA0091099B /* MapprrTask */,
				A3136FC021B016FA0091099B /* Products */,
			);
			sourceTree = "<group>";
		};
		A3136FC021B016FA0091099B /* Products */ = {
			isa = PBXGroup;
			children = (
				A3136FBF21B016FA0091099B /* MapprrTask.app */,
			);
			name = Products;
			sourceTree = "<group>";
		};
		A3136FC121B016FA0091099B /* MapprrTask */ = {
			isa = PBXGroup;
			children = (
				A3136FD421B017E00091099B /* AppDelegate.swift */,
				A3136FD821B017E10091099B /* Controllers */,
				A3136FD721B017E00091099B /* Main.storyboard */,
				A3136FD521B017E00091099B /* NetworkManager */,
				A3136FC921B016FB0091099B /* Assets.xcassets */,
				A3136FCB21B016FB0091099B /* LaunchScreen.storyboard */,
				A3136FCE21B016FB0091099B /* Info.plist */,
			);
			path = MapprrTask;
			sourceTree = "<group>";
		};
		A3136FD521B017E00091099B /* NetworkManager */ = {
			isa = PBXGroup;
			children = (
				A3136FD621B017E00091099B /* NetworkManger.swift */,
			);
			path = NetworkManager;
			sourceTree = "<group>";
		};
		A3136FD821B017E10091099B /* Controllers */ = {
			isa = PBXGroup;
			children = (
				A3136FD921B017E20091099B /* RepositoriesListViewController */,
				A3136FDD21B017E20091099B /* SelectedRepositoryDataViewController */,
				A3136FE221B017E20091099B /* RepositoryDescriptionViewController */,
				A3136FE421B017E20091099B /* ContributorViewController */,
			);
			path = Controllers;
			sourceTree = "<group>";
		};
		A3136FD921B017E20091099B /* RepositoriesListViewController */ = {
			isa = PBXGroup;
			children = (
				A3136FDA21B017E20091099B /* ViewController.swift */,
				A3136FDB21B017E20091099B /* RepositoriesTableViewCell.xib */,
				A3136FDC21B017E20091099B /* RepositoriesTableViewCell.swift */,
			);
			path = RepositoriesListViewController;
			sourceTree = "<group>";
		};
		A3136FDD21B017E20091099B /* SelectedRepositoryDataViewController */ = {
			isa = PBXGroup;
			children = (
				A3136FDE21B017E20091099B /* ContributersCollectionViewCell */,
				A3136FE021B017E20091099B /* ReposWebViewController.swift */,
				A3136FE121B017E20091099B /* SelectedReposDataViewController.swift */,
			);
			path = SelectedRepositoryDataViewController;
			sourceTree = "<group>";
		};
		A3136FDE21B017E20091099B /* ContributersCollectionViewCell */ = {
			isa = PBXGroup;
			children = (
				A3136FDF21B017E20091099B /* ContributersCollectionViewCell.swift */,
			);
			path = ContributersCollectionViewCell;
			sourceTree = "<group>";
		};
		A3136FE221B017E20091099B /* RepositoryDescriptionViewController */ = {
			isa = PBXGroup;
			children = (
				A3136FE321B017E20091099B /* RepositoryDescriptionViewController.swift */,
			);
			path = RepositoryDescriptionViewController;
			sourceTree = "<group>";
		};
		A3136FE421B017E20091099B /* ContributorViewController */ = {
			isa = PBXGroup;
			children = (
				A3136FE521B017E20091099B /* ReposTableViewCell.swift */,
				A3136FE621B017E20091099B /* ReposTableViewCell.xib */,
				A3136FE721B017E20091099B /* ContributorViewController.swift */,
			);
			path = ContributorViewController;
			sourceTree = "<group>";
		};
/* End PBXGroup section */

/* Begin PBXNativeTarget section */
		A3136FBE21B016FA0091099B /* MapprrTask */ = {
			isa = PBXNativeTarget;
			buildConfigurationList = A3136FD121B016FB0091099B /* Build configuration list for PBXNativeTarget "MapprrTask" */;
			buildPhases = (
				A3136FBB21B016FA0091099B /* Sources */,
				A3136FBC21B016FA0091099B /* Frameworks */,
				A3136FBD21B016FA0091099B /* Resources */,
			);
			buildRules = (
			);
			dependencies = (
			);
			name = MapprrTask;
			productName = MapprrTask;
			productReference = A3136FBF21B016FA0091099B /* MapprrTask.app */;
			productType = "com.apple.product-type.application";
		};
/* End PBXNativeTarget section */

/* Begin PBXProject section */
		A3136FB721B016FA0091099B /* Project object */ = {
			isa = PBXProject;
			attributes = {
				LastSwiftUpdateCheck = 1010;
				LastUpgradeCheck = 1010;
				ORGANIZATIONNAME = RajuMatta;
				TargetAttributes = {
					A3136FBE21B016FA0091099B = {
						CreatedOnToolsVersion = 10.1;
					};
				};
			};
			buildConfigurationList = A3136FBA21B016FA0091099B /* Build configuration list for PBXProject "MapprrTask" */;
			compatibilityVersion = "Xcode 9.3";
			developmentRegion = en;
			hasScannedForEncodings = 0;
			knownRegions = (
				en,
				Base,
			);
			mainGroup = A3136FB621B016F90091099B;
			productRefGroup = A3136FC021B016FA0091099B /* Products */;
			projectDirPath = "";
			projectRoot = "";
			targets = (
				A3136FBE21B016FA0091099B /* MapprrTask */,
			);
		};
/* End PBXProject section */

/* Begin PBXResourcesBuildPhase section */
		A3136FBD21B016FA0091099B /* Resources */ = {
			isa = PBXResourcesBuildPhase;
			buildActionMask = 2147483647;
			files = (
				A3136FCD21B016FB0091099B /* LaunchScreen.storyboard in Resources */,
				A3136FEC21B017E20091099B /* RepositoriesTableViewCell.xib in Resources */,
				A3136FCA21B016FB0091099B /* Assets.xcassets in Resources */,
				A3136FF321B017E20091099B /* ReposTableViewCell.xib in Resources */,
				A3136FEA21B017E20091099B /* Main.storyboard in Resources */,
			);
			runOnlyForDeploymentPostprocessing = 0;
		};
/* End PBXResourcesBuildPhase section */

/* Begin PBXSourcesBuildPhase section */
		A3136FBB21B016FA0091099B /* Sources */ = {
			isa = PBXSourcesBuildPhase;
			buildActionMask = 2147483647;
			files = (
				A3136FEB21B017E20091099B /* ViewController.swift in Sources */,
				A3136FED21B017E20091099B /* RepositoriesTableViewCell.swift in Sources */,
				A3136FE821B017E20091099B /* AppDelegate.swift in Sources */,
				A3136FE921B017E20091099B /* NetworkManger.swift in Sources */,
				A3136FF021B017E20091099B /* SelectedReposDataViewController.swift in Sources */,
				A3136FEF21B017E20091099B /* ReposWebViewController.swift in Sources */,
				A3136FF221B017E20091099B /* ReposTableViewCell.swift in Sources */,
				A3136FF421B017E20091099B /* ContributorViewController.swift in Sources */,
				A3136FF121B017E20091099B /* RepositoryDescriptionViewController.swift in Sources */,
				A3136FEE21B017E20091099B /* ContributersCollectionViewCell.swift in Sources */,
			);
			runOnlyForDeploymentPostprocessing = 0;
		};
/* End PBXSourcesBuildPhase section */

/* Begin PBXVariantGroup section */
		A3136FCB21B016FB0091099B /* LaunchScreen.storyboard */ = {
			isa = PBXVariantGroup;
			children = (
				A3136FCC21B016FB0091099B /* Base */,
			);
			name = LaunchScreen.storyboard;
			sourceTree = "<group>";
		};
/* End PBXVariantGroup section */

/* Begin XCBuildConfiguration section */
		A3136FCF21B016FB0091099B /* Debug */ = {
			isa = XCBuildConfiguration;
			buildSettings = {
				ALWAYS_SEARCH_USER_PATHS = NO;
				CLANG_ANALYZER_NONNULL = YES;
				CLANG_ANALYZER_NUMBER_OBJECT_CONVERSION = YES_AGGRESSIVE;
				CLANG_CXX_LANGUAGE_STANDARD = "gnu++14";
				CLANG_CXX_LIBRARY = "libc++";
				CLANG_ENABLE_MODULES = YES;
				CLANG_ENABLE_OBJC_ARC = YES;
				CLANG_ENABLE_OBJC_WEAK = YES;
				CLANG_WARN_BLOCK_CAPTURE_AUTORELEASING = YES;
				CLANG_WARN_BOOL_CONVERSION = YES;
				CLANG_WARN_COMMA = YES;
				CLANG_WARN_CONSTANT_CONVERSION = YES;
				CLANG_WARN_DEPRECATED_OBJC_IMPLEMENTATIONS = YES;
				CLANG_WARN_DIRECT_OBJC_ISA_USAGE = YES_ERROR;
				CLANG_WARN_DOCUMENTATION_COMMENTS = YES;
				CLANG_WARN_EMPTY_BODY = YES;
				CLANG_WARN_ENUM_CONVERSION = YES;
				CLANG_WARN_INFINITE_RECURSION = YES;
				CLANG_WARN_INT_CONVERSION = YES;
				CLANG_WARN_NON_LITERAL_NULL_CONVERSION = YES;
				CLANG_WARN_OBJC_IMPLICIT_RETAIN_SELF = YES;
				CLANG_WARN_OBJC_LITERAL_CONVERSION = YES;
				CLANG_WARN_OBJC_ROOT_CLASS = YES_ERROR;
				CLANG_WARN_RANGE_LOOP_ANALYSIS = YES;
				CLANG_WARN_STRICT_PROTOTYPES = YES;
				CLANG_WARN_SUSPICIOUS_MOVE = YES;
				CLANG_WARN_UNGUARDED_AVAILABILITY = YES_AGGRESSIVE;
				CLANG_WARN_UNREACHABLE_CODE = YES;
				CLANG_WARN__DUPLICATE_METHOD_MATCH = YES;
				CODE_SIGN_IDENTITY = "iPhone Developer";
				COPY_PHASE_STRIP = NO;
				DEBUG_INFORMATION_FORMAT = dwarf;
				ENABLE_STRICT_OBJC_MSGSEND = YES;
				ENABLE_TESTABILITY = YES;
				GCC_C_LANGUAGE_STANDARD = gnu11;
				GCC_DYNAMIC_NO_PIC = NO;
				GCC_NO_COMMON_BLOCKS = YES;
				GCC_OPTIMIZATION_LEVEL = 0;
				GCC_PREPROCESSOR_DEFINITIONS = (
					"DEBUG=1",
					"$(inherited)",
				);
				GCC_WARN_64_TO_32_BIT_CONVERSION = YES;
				GCC_WARN_ABOUT_RETURN_TYPE = YES_ERROR;
				GCC_WARN_UNDECLARED_SELECTOR = YES;
				GCC_WARN_UNINITIALIZED_AUTOS = YES_AGGRESSIVE;
				GCC_WARN_UNUSED_FUNCTION = YES;
				GCC_WARN_UNUSED_VARIABLE = YES;
				IPHONEOS_DEPLOYMENT_TARGET = 12.1;
				MTL_ENABLE_DEBUG_INFO = INCLUDE_SOURCE;
				MTL_FAST_MATH = YES;
				ONLY_ACTIVE_ARCH = YES;
				SDKROOT = iphoneos;
				SWIFT_ACTIVE_COMPILATION_CONDITIONS = DEBUG;
				SWIFT_OPTIMIZATION_LEVEL = "-Onone";
			};
			name = Debug;
		};
		A3136FD021B016FB0091099B /* Release */ = {
			isa = XCBuildConfiguration;
			buildSettings = {
				ALWAYS_SEARCH_USER_PATHS = NO;
				CLANG_ANALYZER_NONNULL = YES;
				CLANG_ANALYZER_NUMBER_OBJECT_CONVERSION = YES_AGGRESSIVE;
				CLANG_CXX_LANGUAGE_STANDARD = "gnu++14";
				CLANG_CXX_LIBRARY = "libc++";
				CLANG_ENABLE_MODULES = YES;
				CLANG_ENABLE_OBJC_ARC = YES;
				CLANG_ENABLE_OBJC_WEAK = YES;
				CLANG_WARN_BLOCK_CAPTURE_AUTORELEASING = YES;
				CLANG_WARN_BOOL_CONVERSION = YES;
				CLANG_WARN_COMMA = YES;
				CLANG_WARN_CONSTANT_CONVERSION = YES;
				CLANG_WARN_DEPRECATED_OBJC_IMPLEMENTATIONS = YES;
				CLANG_WARN_DIRECT_OBJC_ISA_USAGE = YES_ERROR;
				CLANG_WARN_DOCUMENTATION_COMMENTS = YES;
				CLANG_WARN_EMPTY_BODY = YES;
				CLANG_WARN_ENUM_CONVERSION = YES;
				CLANG_WARN_INFINITE_RECURSION = YES;
				CLANG_WARN_INT_CONVERSION = YES;
				CLANG_WARN_NON_LITERAL_NULL_CONVERSION = YES;
				CLANG_WARN_OBJC_IMPLICIT_RETAIN_SELF = YES;
				CLANG_WARN_OBJC_LITERAL_CONVERSION = YES;
				CLANG_WARN_OBJC_ROOT_CLASS = YES_ERROR;
				CLANG_WARN_RANGE_LOOP_ANALYSIS = YES;
				CLANG_WARN_STRICT_PROTOTYPES = YES;
				CLANG_WARN_SUSPICIOUS_MOVE = YES;
				CLANG_WARN_UNGUARDED_AVAILABILITY = YES_AGGRESSIVE;
				CLANG_WARN_UNREACHABLE_CODE = YES;
				CLANG_WARN__DUPLICATE_METHOD_MATCH = YES;
				CODE_SIGN_IDENTITY = "iPhone Developer";
				COPY_PHASE_STRIP = NO;
				DEBUG_INFORMATION_FORMAT = "dwarf-with-dsym";
				ENABLE_NS_ASSERTIONS = NO;
				ENABLE_STRICT_OBJC_MSGSEND = YES;
				GCC_C_LANGUAGE_STANDARD = gnu11;
				GCC_NO_COMMON_BLOCKS = YES;
				GCC_WARN_64_TO_32_BIT_CONVERSION = YES;
				GCC_WARN_ABOUT_RETURN_TYPE = YES_ERROR;
				GCC_WARN_UNDECLARED_SELECTOR = YES;
				GCC_WARN_UNINITIALIZED_AUTOS = YES_AGGRESSIVE;
				GCC_WARN_UNUSED_FUNCTION = YES;
				GCC_WARN_UNUSED_VARIABLE = YES;
				IPHONEOS_DEPLOYMENT_TARGET = 12.1;
				MTL_ENABLE_DEBUG_INFO = NO;
				MTL_FAST_MATH = YES;
				SDKROOT = iphoneos;
				SWIFT_COMPILATION_MODE = wholemodule;
				SWIFT_OPTIMIZATION_LEVEL = "-O";
				VALIDATE_PRODUCT = YES;
			};
			name = Release;
		};
		A3136FD221B016FB0091099B /* Debug */ = {
			isa = XCBuildConfiguration;
			buildSettings = {
				ASSETCATALOG_COMPILER_APPICON_NAME = AppIcon;
				CODE_SIGN_STYLE = Automatic;
				INFOPLIST_FILE = MapprrTask/Info.plist;
				LD_RUNPATH_SEARCH_PATHS = (
					"$(inherited)",
					"@executable_path/Frameworks",
				);
				PRODUCT_BUNDLE_IDENTIFIER = raju.MapprrTask;
				PRODUCT_NAME = "$(TARGET_NAME)";
				SWIFT_VERSION = 4.2;
				TARGETED_DEVICE_FAMILY = "1,2";
			};
			name = Debug;
		};
		A3136FD321B016FB0091099B /* Release */ = {
			isa = XCBuildConfiguration;
			buildSettings = {
				ASSETCATALOG_COMPILER_APPICON_NAME = AppIcon;
				CODE_SIGN_STYLE = Automatic;
				INFOPLIST_FILE = MapprrTask/Info.plist;
				LD_RUNPATH_SEARCH_PATHS = (
					"$(inherited)",
					"@executable_path/Frameworks",
				);
				PRODUCT_BUNDLE_IDENTIFIER = raju.MapprrTask;
				PRODUCT_NAME = "$(TARGET_NAME)";
				SWIFT_VERSION = 4.2;
				TARGETED_DEVICE_FAMILY = "1,2";
			};
			name = Release;
		};
/* End XCBuildConfiguration section */

/* Begin XCConfigurationList section */
		A3136FBA21B016FA0091099B /* Build configuration list for PBXProject "MapprrTask" */ = {
			isa = XCConfigurationList;
			buildConfigurations = (
				A3136FCF21B016FB0091099B /* Debug */,
				A3136FD021B016FB0091099B /* Release */,
			);
			defaultConfigurationIsVisible = 0;
			defaultConfigurationName = Release;
		};
		A3136FD121B016FB0091099B /* Build configuration list for PBXNativeTarget "MapprrTask" */ = {
			isa = XCConfigurationList;
			buildConfigurations = (
				A3136FD221B016FB0091099B /* Debug */,
				A3136FD321B016FB0091099B /* Release */,
			);
			defaultConfigurationIsVisible = 0;
			defaultConfigurationName = Release;
		};
/* End XCConfigurationList section */
	};
	rootObject = A3136FB721B016FA0091099B /* Project object */;
}
